{
  "requires": true,
  "lockfileVersion": 1,
  "dependencies": {
    "@ionic-native/core": {
      "version": "5.22.0-beta-1",
      "resolved": "https://registry.npmjs.org/@ionic-native/core/-/core-5.22.0-beta-1.tgz",
      "integrity": "sha512-LXyqhUbFO1EfGncqcz8K662AKQDCjP9tu3899llNRAG5mhP3F6xjdYEgV5CVWIgRDuVrLn/LOmmBQjDp8mecRQ==",
      "requires": {
        "@types/cordova": "^0.0.34"
      }
    },
    "@ionic-native/google-maps": {
      "version": "5.0.0-beta.27",
      "resolved": "https://registry.npmjs.org/@ionic-native/google-maps/-/google-maps-5.0.0-beta.27.tgz",
      "integrity": "sha512-ifVuI3fPt1D9+Fqu6vYyCYdNEI45/S6BRUM1PB0qhs26MbfEXwQvt2tTdw1CITLoBxqzgQcGgh/PadzdeA1xhg==",
      "requires": {
        "@types/cordova": "^0.0.34"
      }
    },
    "@types/cordova": {
      "version": "0.0.34",
      "resolved": "https://registry.npmjs.org/@types/cordova/-/cordova-0.0.34.tgz",
      "integrity": "sha1-6nrd907Ow9dimCegw54smt3HPQQ="
    },
    "rxjs-compat": {
      "version": "6.5.4",
      "resolved": "https://registry.npmjs.org/rxjs-compat/-/rxjs-compat-6.5.4.tgz",
      "integrity": "sha512-rkn+lbOHUQOurdd74J/hjmDsG9nFx0z66fvnbs8M95nrtKvNqCKdk7iZqdY51CGmDemTQk+kUPy4s8HVOHtkfA=="
    }
  }
}
